
Microsoft Visual Studio Solution File, Format Version 12.00
# Visual Studio Version 17
VisualStudioVersion = 17.5.002.0
MinimumVisualStudioVersion = 10.0.40219.1
Project("{9A19103F-16F7-4668-BE54-9A1E7A4F7556}") = "DbSeeder", "DbSeeder\DbSeeder.csproj", "{3B17AFC3-9326-4F71-8D72-22A50416D006}"
EndProject
Project("{9A19103F-16F7-4668-BE54-9A1E7A4F7556}") = "UnAd.Redis", "UnAd.Redis\UnAd.Redis.csproj", "{9CBB496E-4DF1-4DD8-BC59-66147482B06B}"
EndProject
Project("{9A19103F-16F7-4668-BE54-9A1E7A4F7556}") = "UnAd.Data", "UnAd.Data\UnAd.Data.csproj", "{4B664B9A-8759-481B-AAE2-CFC84147FEF0}"
EndProject
Global
	GlobalSection(SolutionConfigurationPlatforms) = preSolution
		Debug|Any CPU = Debug|Any CPU
		Release|Any CPU = Release|Any CPU
	EndGlobalSection
	GlobalSection(ProjectConfigurationPlatforms) = postSolution
		{3B17AFC3-9326-4F71-8D72-22A50416D006}.Debug|Any CPU.ActiveCfg = Debug|Any CPU
		{3B17AFC3-9326-4F71-8D72-22A50416D006}.Debug|Any CPU.Build.0 = Debug|Any CPU
		{3B17AFC3-9326-4F71-8D72-22A50416D006}.Release|Any CPU.ActiveCfg = Release|Any CPU
		{3B17AFC3-9326-4F71-8D72-22A50416D006}.Release|Any CPU.Build.0 = Release|Any CPU
		{9CBB496E-4DF1-4DD8-BC59-66147482B06B}.Debug|Any CPU.ActiveCfg = Debug|Any CPU
		{9CBB496E-4DF1-4DD8-BC59-66147482B06B}.Debug|Any CPU.Build.0 = Debug|Any CPU
		{9CBB496E-4DF1-4DD8-BC59-66147482B06B}.Release|Any CPU.ActiveCfg = Release|Any CPU
		{9CBB496E-4DF1-4DD8-BC59-66147482B06B}.Release|Any CPU.Build.0 = Release|Any CPU
		{4B664B9A-8759-481B-AAE2-CFC84147FEF0}.Debug|Any CPU.ActiveCfg = Debug|Any CPU
		{4B664B9A-8759-481B-AAE2-CFC84147FEF0}.Debug|Any CPU.Build.0 = Debug|Any CPU
		{4B664B9A-8759-481B-AAE2-CFC84147FEF0}.Release|Any CPU.ActiveCfg = Release|Any CPU
		{4B664B9A-8759-481B-AAE2-CFC84147FEF0}.Release|Any CPU.Build.0 = Release|Any CPU
	EndGlobalSection
	GlobalSection(SolutionProperties) = preSolution
		HideSolutionNode = FALSE
	EndGlobalSection
	GlobalSection(ExtensibilityGlobals) = postSolution
		SolutionGuid = {59D10FBE-960C-4F1E-A450-68824975D5C5}
	EndGlobalSection
EndGlobal
